
Microsoft Visual Studio Solution File, Format Version 12.00
# Visual Studio Version 17
VisualStudioVersion = 17.0.31903.59
MinimumVisualStudioVersion = 10.0.40219.1
Project("{FAE04EC0-301F-11D3-BF4B-00C04F79EFBC}") = "Apsy.Xi.Console", "Apsy.Xi.Console\Apsy.Xi.Console.csproj", "{91FA86A5-1FF6-46E8-8690-5BE63DEFEAE4}"
EndProject
Project("{FAE04EC0-301F-11D3-BF4B-00C04F79EFBC}") = "Apsy.Xi.Zar", "Apsy.Xi.Zar\Apsy.Xi.Zar.csproj", "{96F2BAF9-5A06-4805-8DF3-6B5703B5F8DC}"
EndProject
Project("{FAE04EC0-301F-11D3-BF4B-00C04F79EFBC}") = "Apsy.Xi", "Apsy.Xi\Apsy.Xi.csproj", "{2031C2FE-35D9-4EBA-9FA4-00D0FFD49EA1}"
EndProject
Project("{FAE04EC0-301F-11D3-BF4B-00C04F79EFBC}") = "Apsy.Xi.Basic", "Apsy.Xi.Basic\Apsy.Xi.Basic.csproj", "{19C3B28F-643E-496E-A707-A97988F4E5BC}"
EndProject
Project("{FAE04EC0-301F-11D3-BF4B-00C04F79EFBC}") = "Apsy.Xi.Services", "Apsy.Xi.Services\Apsy.Xi.Services.csproj", "{6D7E3FCE-F3A0-48CC-8AAA-F5018583D159}"
EndProject
Global
	GlobalSection(SolutionConfigurationPlatforms) = preSolution
		Debug|Any CPU = Debug|Any CPU
		Release|Any CPU = Release|Any CPU
	EndGlobalSection
	GlobalSection(ProjectConfigurationPlatforms) = postSolution
		{91FA86A5-1FF6-46E8-8690-5BE63DEFEAE4}.Debug|Any CPU.ActiveCfg = Debug|Any CPU
		{91FA86A5-1FF6-46E8-8690-5BE63DEFEAE4}.Debug|Any CPU.Build.0 = Debug|Any CPU
		{91FA86A5-1FF6-46E8-8690-5BE63DEFEAE4}.Release|Any CPU.ActiveCfg = Release|Any CPU
		{91FA86A5-1FF6-46E8-8690-5BE63DEFEAE4}.Release|Any CPU.Build.0 = Release|Any CPU
		{96F2BAF9-5A06-4805-8DF3-6B5703B5F8DC}.Debug|Any CPU.ActiveCfg = Debug|Any CPU
		{96F2BAF9-5A06-4805-8DF3-6B5703B5F8DC}.Debug|Any CPU.Build.0 = Debug|Any CPU
		{96F2BAF9-5A06-4805-8DF3-6B5703B5F8DC}.Release|Any CPU.ActiveCfg = Release|Any CPU
		{96F2BAF9-5A06-4805-8DF3-6B5703B5F8DC}.Release|Any CPU.Build.0 = Release|Any CPU
		{2031C2FE-35D9-4EBA-9FA4-00D0FFD49EA1}.Debug|Any CPU.ActiveCfg = Debug|Any CPU
		{2031C2FE-35D9-4EBA-9FA4-00D0FFD49EA1}.Debug|Any CPU.Build.0 = Debug|Any CPU
		{2031C2FE-35D9-4EBA-9FA4-00D0FFD49EA1}.Release|Any CPU.ActiveCfg = Release|Any CPU
		{2031C2FE-35D9-4EBA-9FA4-00D0FFD49EA1}.Release|Any CPU.Build.0 = Release|Any CPU
		{19C3B28F-643E-496E-A707-A97988F4E5BC}.Debug|Any CPU.ActiveCfg = Debug|Any CPU
		{19C3B28F-643E-496E-A707-A97988F4E5BC}.Debug|Any CPU.Build.0 = Debug|Any CPU
		{19C3B28F-643E-496E-A707-A97988F4E5BC}.Release|Any CPU.ActiveCfg = Release|Any CPU
		{19C3B28F-643E-496E-A707-A97988F4E5BC}.Release|Any CPU.Build.0 = Release|Any CPU
		{6D7E3FCE-F3A0-48CC-8AAA-F5018583D159}.Debug|Any CPU.ActiveCfg = Debug|Any CPU
		{6D7E3FCE-F3A0-48CC-8AAA-F5018583D159}.Debug|Any CPU.Build.0 = Debug|Any CPU
		{6D7E3FCE-F3A0-48CC-8AAA-F5018583D159}.Release|Any CPU.ActiveCfg = Release|Any CPU
		{6D7E3FCE-F3A0-48CC-8AAA-F5018583D159}.Release|Any CPU.Build.0 = Release|Any CPU
	EndGlobalSection
	GlobalSection(SolutionProperties) = preSolution
		HideSolutionNode = FALSE
	EndGlobalSection
	GlobalSection(NestedProjects) = preSolution
	EndGlobalSection
EndGlobal
