
Microsoft Visual Studio Solution File, Format Version 12.00
# Visual Studio Version 16
VisualStudioVersion = 16.0.30503.244
MinimumVisualStudioVersion = 10.0.40219.1
Project("{9A19103F-16F7-4668-BE54-9A1E7A4F7556}") = "CoreWithLanguage", "CoreWithLanguage\CoreWithLanguage.csproj", "{7317D0B7-AB30-4FF9-A9FA-49A245EF0B48}"
EndProject
Global
	GlobalSection(SolutionConfigurationPlatforms) = preSolution
		Debug|Any CPU = Debug|Any CPU
		Release|Any CPU = Release|Any CPU
	EndGlobalSection
	GlobalSection(ProjectConfigurationPlatforms) = postSolution
		{7317D0B7-AB30-4FF9-A9FA-49A245EF0B48}.Debug|Any CPU.ActiveCfg = Debug|Any CPU
		{7317D0B7-AB30-4FF9-A9FA-49A245EF0B48}.Debug|Any CPU.Build.0 = Debug|Any CPU
		{7317D0B7-AB30-4FF9-A9FA-49A245EF0B48}.Release|Any CPU.ActiveCfg = Release|Any CPU
		{7317D0B7-AB30-4FF9-A9FA-49A245EF0B48}.Release|Any CPU.Build.0 = Release|Any CPU
	EndGlobalSection
	GlobalSection(SolutionProperties) = preSolution
		HideSolutionNode = FALSE
	EndGlobalSection
	GlobalSection(ExtensibilityGlobals) = postSolution
		SolutionGuid = {DE68AB13-90B5-4D73-9C7D-DE84180493F4}
	EndGlobalSection
EndGlobal
